
Microsoft Visual Studio Solution File, Format Version 12.00
# Visual Studio Version 17
VisualStudioVersion = 17.5.002.0
MinimumVisualStudioVersion = 10.0.40219.1
Project("{9A19103F-16F7-4668-BE54-9A1E7A4F7556}") = "Introducao", "Introducao\Introducao.csproj", "{C2D145B3-1136-40A3-BC42-7CAEE5CB9C44}"
EndProject
Project("{FAE04EC0-301F-11D3-BF4B-00C04F79EFBC}") = "EstruturaProjeto", "EstruturaProjeto\EstruturaProjeto.csproj", "{A88B740B-5EAB-4623-81BB-C11A677211D5}"
EndProject
Project("{FAE04EC0-301F-11D3-BF4B-00C04F79EFBC}") = "DesafioDeCodigoAvanadeI", "DesafioDeCodigoAvanadeI\DesafioDeCodigoAvanadeI.csproj", "{CE5254FA-02F9-47EF-A90D-06366C51F206}"
EndProject
Project("{FAE04EC0-301F-11D3-BF4B-00C04F79EFBC}") = "ExemploExplorando", "ExemploExplorando\ExemploExplorando.csproj", "{64C8E3C8-1B37-42A7-8BE4-103FA56D3282}"
EndProject
Project("{FAE04EC0-301F-11D3-BF4B-00C04F79EFBC}") = "DesafioDeCodigoAvanadeII", "DesafioDeCodigoAvanadeII\DesafioDeCodigoAvanadeII.csproj", "{67785389-3841-4C35-8B6B-A0E2212EBF22}"
EndProject
Global
	GlobalSection(SolutionConfigurationPlatforms) = preSolution
		Debug|Any CPU = Debug|Any CPU
		Release|Any CPU = Release|Any CPU
	EndGlobalSection
	GlobalSection(ProjectConfigurationPlatforms) = postSolution
		{C2D145B3-1136-40A3-BC42-7CAEE5CB9C44}.Debug|Any CPU.ActiveCfg = Debug|Any CPU
		{C2D145B3-1136-40A3-BC42-7CAEE5CB9C44}.Debug|Any CPU.Build.0 = Debug|Any CPU
		{C2D145B3-1136-40A3-BC42-7CAEE5CB9C44}.Release|Any CPU.ActiveCfg = Release|Any CPU
		{C2D145B3-1136-40A3-BC42-7CAEE5CB9C44}.Release|Any CPU.Build.0 = Release|Any CPU
		{A88B740B-5EAB-4623-81BB-C11A677211D5}.Debug|Any CPU.ActiveCfg = Debug|Any CPU
		{A88B740B-5EAB-4623-81BB-C11A677211D5}.Debug|Any CPU.Build.0 = Debug|Any CPU
		{A88B740B-5EAB-4623-81BB-C11A677211D5}.Release|Any CPU.ActiveCfg = Release|Any CPU
		{A88B740B-5EAB-4623-81BB-C11A677211D5}.Release|Any CPU.Build.0 = Release|Any CPU
		{CE5254FA-02F9-47EF-A90D-06366C51F206}.Debug|Any CPU.ActiveCfg = Debug|Any CPU
		{CE5254FA-02F9-47EF-A90D-06366C51F206}.Debug|Any CPU.Build.0 = Debug|Any CPU
		{CE5254FA-02F9-47EF-A90D-06366C51F206}.Release|Any CPU.ActiveCfg = Release|Any CPU
		{CE5254FA-02F9-47EF-A90D-06366C51F206}.Release|Any CPU.Build.0 = Release|Any CPU
		{64C8E3C8-1B37-42A7-8BE4-103FA56D3282}.Debug|Any CPU.ActiveCfg = Debug|Any CPU
		{64C8E3C8-1B37-42A7-8BE4-103FA56D3282}.Debug|Any CPU.Build.0 = Debug|Any CPU
		{64C8E3C8-1B37-42A7-8BE4-103FA56D3282}.Release|Any CPU.ActiveCfg = Release|Any CPU
		{64C8E3C8-1B37-42A7-8BE4-103FA56D3282}.Release|Any CPU.Build.0 = Release|Any CPU
		{67785389-3841-4C35-8B6B-A0E2212EBF22}.Debug|Any CPU.ActiveCfg = Debug|Any CPU
		{67785389-3841-4C35-8B6B-A0E2212EBF22}.Debug|Any CPU.Build.0 = Debug|Any CPU
		{67785389-3841-4C35-8B6B-A0E2212EBF22}.Release|Any CPU.ActiveCfg = Release|Any CPU
		{67785389-3841-4C35-8B6B-A0E2212EBF22}.Release|Any CPU.Build.0 = Release|Any CPU
	EndGlobalSection
	GlobalSection(SolutionProperties) = preSolution
		HideSolutionNode = FALSE
	EndGlobalSection
	GlobalSection(ExtensibilityGlobals) = postSolution
		SolutionGuid = {8F320734-342F-4B5A-872C-C5D1DAED657F}
	EndGlobalSection
EndGlobal
